
Microsoft Visual Studio Solution File, Format Version 12.00
# Visual Studio 2012
Project("{FAE04EC0-301F-11D3-BF4B-00C04F79EFBC}") = "WcfSalesArea", "WcfSalesArea\WcfSalesArea.csproj", "{4302A61B-9318-4D5C-83E7-F1CA1E779648}"
EndProject
Project("{2150E333-8FDC-42A3-9474-1A3956D46DE8}") = ".nuget", ".nuget", "{CB1AFE54-9A21-45E8-9EEC-DC1CDBA66050}"
	ProjectSection(SolutionItems) = preProject
		.nuget\NuGet.Config = .nuget\NuGet.Config
		.nuget\NuGet.exe = .nuget\NuGet.exe
		.nuget\NuGet.targets = .nuget\NuGet.targets
	EndProjectSection
EndProject
Project("{FAE04EC0-301F-11D3-BF4B-00C04F79EFBC}") = "WcfSalesArea.net40", "WcfSalesArea.net40\WcfSalesArea.net40.csproj", "{DBFDA64E-C076-4403-B82A-E3429DB10E96}"
EndProject
Project("{FAE04EC0-301F-11D3-BF4B-00C04F79EFBC}") = "WcfSalesArea.Client", "WcfSalesArea.Client\WcfSalesArea.Client.csproj", "{5DB66F67-7686-4915-BB67-623C204531C9}"
EndProject
Project("{FAE04EC0-301F-11D3-BF4B-00C04F79EFBC}") = "WcfJsonFormatter.net40", "..\WcfJsonFormatter\WcfJsonFormatter.net40\WcfJsonFormatter.net40.csproj", "{B8DFFBE3-36AA-4AA4-881D-0F2EBF53094D}"
EndProject
Project("{FAE04EC0-301F-11D3-BF4B-00C04F79EFBC}") = "WcfExtensions", "..\WcfExtensions\WcfExtensions\WcfExtensions.csproj", "{4CD6E1BF-5FE5-4C81-8396-29C87FD4AD25}"
EndProject
Global
	GlobalSection(SolutionConfigurationPlatforms) = preSolution
		Debug|Any CPU = Debug|Any CPU
		Release|Any CPU = Release|Any CPU
	EndGlobalSection
	GlobalSection(ProjectConfigurationPlatforms) = postSolution
		{4302A61B-9318-4D5C-83E7-F1CA1E779648}.Debug|Any CPU.ActiveCfg = Debug|Any CPU
		{4302A61B-9318-4D5C-83E7-F1CA1E779648}.Debug|Any CPU.Build.0 = Debug|Any CPU
		{4302A61B-9318-4D5C-83E7-F1CA1E779648}.Release|Any CPU.ActiveCfg = Release|Any CPU
		{4302A61B-9318-4D5C-83E7-F1CA1E779648}.Release|Any CPU.Build.0 = Release|Any CPU
		{DBFDA64E-C076-4403-B82A-E3429DB10E96}.Debug|Any CPU.ActiveCfg = Debug|Any CPU
		{DBFDA64E-C076-4403-B82A-E3429DB10E96}.Debug|Any CPU.Build.0 = Debug|Any CPU
		{DBFDA64E-C076-4403-B82A-E3429DB10E96}.Release|Any CPU.ActiveCfg = Release|Any CPU
		{DBFDA64E-C076-4403-B82A-E3429DB10E96}.Release|Any CPU.Build.0 = Release|Any CPU
		{5DB66F67-7686-4915-BB67-623C204531C9}.Debug|Any CPU.ActiveCfg = Debug|Any CPU
		{5DB66F67-7686-4915-BB67-623C204531C9}.Debug|Any CPU.Build.0 = Debug|Any CPU
		{5DB66F67-7686-4915-BB67-623C204531C9}.Release|Any CPU.ActiveCfg = Release|Any CPU
		{5DB66F67-7686-4915-BB67-623C204531C9}.Release|Any CPU.Build.0 = Release|Any CPU
		{B8DFFBE3-36AA-4AA4-881D-0F2EBF53094D}.Debug|Any CPU.ActiveCfg = Debug|Any CPU
		{B8DFFBE3-36AA-4AA4-881D-0F2EBF53094D}.Debug|Any CPU.Build.0 = Debug|Any CPU
		{B8DFFBE3-36AA-4AA4-881D-0F2EBF53094D}.Release|Any CPU.ActiveCfg = Release|Any CPU
		{B8DFFBE3-36AA-4AA4-881D-0F2EBF53094D}.Release|Any CPU.Build.0 = Release|Any CPU
		{4CD6E1BF-5FE5-4C81-8396-29C87FD4AD25}.Debug|Any CPU.ActiveCfg = Debug|Any CPU
		{4CD6E1BF-5FE5-4C81-8396-29C87FD4AD25}.Debug|Any CPU.Build.0 = Debug|Any CPU
		{4CD6E1BF-5FE5-4C81-8396-29C87FD4AD25}.Release|Any CPU.ActiveCfg = Release|Any CPU
		{4CD6E1BF-5FE5-4C81-8396-29C87FD4AD25}.Release|Any CPU.Build.0 = Release|Any CPU
	EndGlobalSection
	GlobalSection(SolutionProperties) = preSolution
		HideSolutionNode = FALSE
	EndGlobalSection
EndGlobal
